# This file is automatically @generated by Cargo.
# It is not intended for manual editing.
version = 3

[[package]]
name = "aho-corasick"
version = "0.7.20"
source = "registry+https://github.com/rust-lang/crates.io-index"
checksum = "cc936419f96fa211c1b9166887b38e5e40b19958e5b895be7c1f93adec7071ac"
dependencies = [
 "memchr",
]

[[package]]
name = "aho-corasick"
version = "1.0.4"
source = "registry+https://github.com/rust-lang/crates.io-index"
checksum = "6748e8def348ed4d14996fa801f4122cd763fff530258cdc03f64b25f89d3a5a"
dependencies = [
 "memchr",
]

[[package]]
name = "autocfg"
version = "1.1.0"
source = "registry+https://github.com/rust-lang/crates.io-index"
checksum = "d468802bab17cbc0cc575e9b053f41e72aa36bfa6b7f55e3529ffa43161b97fa"

[[package]]
name = "bimap"
version = "0.6.3"
source = "registry+https://github.com/rust-lang/crates.io-index"
checksum = "230c5f1ca6a325a32553f8640d31ac9b49f2411e901e427570154868b46da4f7"
dependencies = [
 "serde",
]

[[package]]
name = "bincode"
version = "1.3.3"
source = "registry+https://github.com/rust-lang/crates.io-index"
checksum = "b1f45e9417d87227c7a56d22e471c6206462cba514c7590c09aff4cf6d1ddcad"
dependencies = [
 "serde",
]

[[package]]
name = "bitflags"
version = "1.3.2"
source = "registry+https://github.com/rust-lang/crates.io-index"
checksum = "bef38d45163c2f1dde094a7dfd33ccf595c92905c8f8f4fdc18d06fb1037718a"

[[package]]
name = "cc"
version = "1.0.82"
source = "registry+https://github.com/rust-lang/crates.io-index"
checksum = "305fe645edc1442a0fa8b6726ba61d422798d37a52e12eaecf4b022ebbb88f01"
dependencies = [
 "libc",
]

[[package]]
name = "cfg-if"
version = "1.0.0"
source = "registry+https://github.com/rust-lang/crates.io-index"
checksum = "baf1de4339761588bc0619e3cbc0120ee582ebb74b53b4efbf79117bd2da40fd"

[[package]]
name = "crossbeam-channel"
version = "0.5.8"
source = "registry+https://github.com/rust-lang/crates.io-index"
checksum = "a33c2bf77f2df06183c3aa30d1e96c0695a313d4f9c453cc3762a6db39f99200"
dependencies = [
 "cfg-if",
 "crossbeam-utils",
]

[[package]]
name = "crossbeam-deque"
version = "0.8.3"
source = "registry+https://github.com/rust-lang/crates.io-index"
checksum = "ce6fd6f855243022dcecf8702fef0c297d4338e226845fe067f6341ad9fa0cef"
dependencies = [
 "cfg-if",
 "crossbeam-epoch",
 "crossbeam-utils",
]

[[package]]
name = "crossbeam-epoch"
version = "0.9.15"
source = "registry+https://github.com/rust-lang/crates.io-index"
checksum = "ae211234986c545741a7dc064309f67ee1e5ad243d0e48335adc0484d960bcc7"
dependencies = [
 "autocfg",
 "cfg-if",
 "crossbeam-utils",
 "memoffset",
 "scopeguard",
]

[[package]]
name = "crossbeam-utils"
version = "0.8.16"
source = "registry+https://github.com/rust-lang/crates.io-index"
checksum = "5a22b2d63d4d1dc0b7f1b6b2747dd0088008a9be28b6ddf0b1e7d335e3037294"
dependencies = [
 "cfg-if",
]

[[package]]
name = "derivative"
version = "2.2.0"
source = "registry+https://github.com/rust-lang/crates.io-index"
checksum = "fcc3dd5e9e9c0b295d6e1e4d811fb6f157d5ffd784b8d202fc62eac8035a770b"
dependencies = [
 "proc-macro2",
 "quote",
 "syn 1.0.109",
]

[[package]]
name = "either"
version = "1.9.0"
source = "registry+https://github.com/rust-lang/crates.io-index"
checksum = "a26ae43d7bcc3b814de94796a5e736d4029efb0ee900c12e2d54c993ad1a1e07"
dependencies = [
 "serde",
]

[[package]]
name = "enum_dispatch"
version = "0.3.12"
source = "registry+https://github.com/rust-lang/crates.io-index"
checksum = "8f33313078bb8d4d05a2733a94ac4c2d8a0df9a2b84424ebf4f33bfc224a890e"
dependencies = [
 "once_cell",
 "proc-macro2",
 "quote",
 "syn 2.0.28",
]

[[package]]
name = "fs-err"
version = "2.9.0"
source = "registry+https://github.com/rust-lang/crates.io-index"
checksum = "0845fa252299212f0389d64ba26f34fa32cfe41588355f21ed507c59a0f64541"

[[package]]
name = "fst"
version = "0.4.7"
source = "registry+https://github.com/rust-lang/crates.io-index"
checksum = "7ab85b9b05e3978cc9a9cf8fea7f01b494e1a09ed3037e16ba39edc7a29eb61a"

[[package]]
name = "half"
version = "1.8.2"
source = "registry+https://github.com/rust-lang/crates.io-index"
checksum = "eabb4a44450da02c90444cf74558da904edde8fb4e9035a9a6a4e15445af0bd7"
dependencies = [
 "serde",
]

[[package]]
name = "hermit-abi"
version = "0.3.2"
source = "registry+https://github.com/rust-lang/crates.io-index"
checksum = "443144c8cdadd93ebf52ddb4056d257f5b52c04d3c804e657d19eb73fc33668b"

[[package]]
name = "itertools"
version = "0.8.2"
source = "registry+https://github.com/rust-lang/crates.io-index"
checksum = "f56a2d0bc861f9165be4eb3442afd3c236d8a98afd426f65d92324ae1091a484"
dependencies = [
 "either",
]

[[package]]
name = "itertools"
version = "0.10.5"
source = "registry+https://github.com/rust-lang/crates.io-index"
checksum = "b0fd2260e829bddf4cb6ea802289de2f86d6a7a690192fbe91b3f46e0f2c8473"
dependencies = [
 "either",
]

[[package]]
name = "itoa"
version = "1.0.9"
source = "registry+https://github.com/rust-lang/crates.io-index"
checksum = "af150ab688ff2122fcef229be89cb50dd66af9e01a4ff320cc137eecc9bacc38"

[[package]]
name = "lazy_static"
version = "1.4.0"
source = "registry+https://github.com/rust-lang/crates.io-index"
checksum = "e2abad23fbc42b3700f2f279844dc832adb2b2eb069b2df918f455c4e18cc646"

[[package]]
name = "libc"
version = "0.2.147"
source = "registry+https://github.com/rust-lang/crates.io-index"
checksum = "b4668fb0ea861c1df094127ac5f1da3409a82116a4ba74fca2e58ef927159bb3"

[[package]]
name = "log"
version = "0.4.20"
source = "registry+https://github.com/rust-lang/crates.io-index"
checksum = "b5e6163cb8c49088c2c36f57875e58ccd8c87c7427f7fbd50ea6710b2f3f2e8f"

[[package]]
name = "memchr"
version = "2.5.0"
source = "registry+https://github.com/rust-lang/crates.io-index"
checksum = "2dffe52ecf27772e601905b7522cb4ef790d2cc203488bbd0e2fe85fcb74566d"

[[package]]
name = "memoffset"
version = "0.9.0"
source = "registry+https://github.com/rust-lang/crates.io-index"
checksum = "5a634b1c61a95585bd15607c6ab0c4e5b226e695ff2800ba0cdccddf208c406c"
dependencies = [
 "autocfg",
]

[[package]]
name = "nlprule"
version = "0.6.4"
source = "registry+https://github.com/rust-lang/crates.io-index"
checksum = "d77e28ea6b9a2cc59fdcf7d9f9da3bec509d18178de7dff7d83574643520f33e"
dependencies = [
 "aho-corasick 0.7.20",
 "bimap",
 "bincode",
 "cfg-if",
 "derivative",
 "either",
 "enum_dispatch",
 "fs-err",
 "fst",
 "half",
 "itertools 0.10.5",
 "lazy_static",
 "log",
 "once_cell",
 "onig",
 "rayon",
 "rayon-cond",
 "serde",
 "serde_json",
 "srx",
 "thiserror",
 "unicase",
]

[[package]]
name = "num_cpus"
version = "1.16.0"
source = "registry+https://github.com/rust-lang/crates.io-index"
checksum = "4161fcb6d602d4d2081af7c3a45852d875a03dd337a6bfdd6e06407b61342a43"
dependencies = [
 "hermit-abi",
 "libc",
]

[[package]]
name = "once_cell"
version = "1.18.0"
source = "registry+https://github.com/rust-lang/crates.io-index"
checksum = "dd8b5dd2ae5ed71462c540258bedcb51965123ad7e7ccf4b9a8cafaa4a63576d"

[[package]]
name = "onig"
version = "6.4.0"
source = "registry+https://github.com/rust-lang/crates.io-index"
checksum = "8c4b31c8722ad9171c6d77d3557db078cab2bd50afcc9d09c8b315c59df8ca4f"
dependencies = [
 "bitflags",
 "libc",
 "once_cell",
 "onig_sys",
]

[[package]]
name = "onig_sys"
version = "69.8.1"
source = "registry+https://github.com/rust-lang/crates.io-index"
checksum = "7b829e3d7e9cc74c7e315ee8edb185bf4190da5acde74afd7fc59c35b1f086e7"
dependencies = [
 "cc",
 "pkg-config",
]

[[package]]
name = "pkg-config"
version = "0.3.27"
source = "registry+https://github.com/rust-lang/crates.io-index"
checksum = "26072860ba924cbfa98ea39c8c19b4dd6a4a25423dbdf219c1eca91aa0cf6964"

[[package]]
name = "proc-macro2"
version = "1.0.66"
source = "registry+https://github.com/rust-lang/crates.io-index"
checksum = "18fb31db3f9bddb2ea821cde30a9f70117e3f119938b5ee630b7403aa6e2ead9"
dependencies = [
 "unicode-ident",
]

[[package]]
name = "quote"
version = "1.0.32"
source = "registry+https://github.com/rust-lang/crates.io-index"
checksum = "50f3b39ccfb720540debaa0164757101c08ecb8d326b15358ce76a62c7e85965"
dependencies = [
 "proc-macro2",
]

[[package]]
name = "rayon"
version = "1.7.0"
source = "registry+https://github.com/rust-lang/crates.io-index"
checksum = "1d2df5196e37bcc87abebc0053e20787d73847bb33134a69841207dd0a47f03b"
dependencies = [
 "either",
 "rayon-core",
]

[[package]]
name = "rayon-cond"
version = "0.1.0"
source = "registry+https://github.com/rust-lang/crates.io-index"
checksum = "fd1259362c9065e5ea39a789ef40b1e3fd934c94beb7b5ab3ac6629d3b5e7cb7"
dependencies = [
 "either",
 "itertools 0.8.2",
 "rayon",
]

[[package]]
name = "rayon-core"
version = "1.11.0"
source = "registry+https://github.com/rust-lang/crates.io-index"
checksum = "4b8f95bd6966f5c87776639160a66bd8ab9895d9d4ab01ddba9fc60661aebe8d"
dependencies = [
 "crossbeam-channel",
 "crossbeam-deque",
 "crossbeam-utils",
 "num_cpus",
]

[[package]]
name = "redactr"
version = "0.1.0"
dependencies = [
 "nlprule",
 "regex",
 "serde",
 "serde_json",
]

[[package]]
name = "regex"
version = "1.9.3"
source = "registry+https://github.com/rust-lang/crates.io-index"
checksum = "81bc1d4caf89fac26a70747fe603c130093b53c773888797a6329091246d651a"
dependencies = [
 "aho-corasick 1.0.4",
 "memchr",
 "regex-automata",
 "regex-syntax",
]

[[package]]
name = "regex-automata"
version = "0.3.6"
source = "registry+https://github.com/rust-lang/crates.io-index"
checksum = "fed1ceff11a1dddaee50c9dc8e4938bd106e9d89ae372f192311e7da498e3b69"
dependencies = [
 "aho-corasick 1.0.4",
 "memchr",
 "regex-syntax",
]

[[package]]
name = "regex-syntax"
version = "0.7.4"
source = "registry+https://github.com/rust-lang/crates.io-index"
checksum = "e5ea92a5b6195c6ef2a0295ea818b312502c6fc94dde986c5553242e18fd4ce2"

[[package]]
name = "ryu"
version = "1.0.15"
source = "registry+https://github.com/rust-lang/crates.io-index"
checksum = "1ad4cc8da4ef723ed60bced201181d83791ad433213d8c24efffda1eec85d741"

[[package]]
name = "scopeguard"
version = "1.2.0"
source = "registry+https://github.com/rust-lang/crates.io-index"
checksum = "94143f37725109f92c262ed2cf5e59bce7498c01bcc1502d7b9afe439a4e9f49"

[[package]]
name = "serde"
version = "1.0.183"
source = "registry+https://github.com/rust-lang/crates.io-index"
checksum = "32ac8da02677876d532745a130fc9d8e6edfa81a269b107c5b00829b91d8eb3c"
dependencies = [
 "serde_derive",
]

[[package]]
name = "serde_derive"
version = "1.0.183"
source = "registry+https://github.com/rust-lang/crates.io-index"
checksum = "aafe972d60b0b9bee71a91b92fee2d4fb3c9d7e8f6b179aa99f27203d99a4816"
dependencies = [
 "proc-macro2",
 "quote",
 "syn 2.0.28",
]

[[package]]
name = "serde_json"
version = "1.0.104"
source = "registry+https://github.com/rust-lang/crates.io-index"
checksum = "076066c5f1078eac5b722a31827a8832fe108bed65dfa75e233c89f8206e976c"
dependencies = [
 "itoa",
 "ryu",
 "serde",
]

[[package]]
name = "serde_regex"
version = "1.1.0"
source = "registry+https://github.com/rust-lang/crates.io-index"
checksum = "a8136f1a4ea815d7eac4101cfd0b16dc0cb5e1fe1b8609dfd728058656b7badf"
dependencies = [
 "regex",
 "serde",
]

[[package]]
name = "srx"
version = "0.1.4"
source = "registry+https://github.com/rust-lang/crates.io-index"
checksum = "310140d03a2064947271c5105bfff8c406f2f0bafbdaa947b34a088683cc2905"
dependencies = [
 "regex",
 "serde",
 "serde_regex",
]

[[package]]
name = "syn"
version = "1.0.109"
source = "registry+https://github.com/rust-lang/crates.io-index"
checksum = "72b64191b275b66ffe2469e8af2c1cfe3bafa67b529ead792a6d0160888b4237"
dependencies = [
 "proc-macro2",
 "quote",
 "unicode-ident",
]

[[package]]
name = "syn"
version = "2.0.28"
source = "registry+https://github.com/rust-lang/crates.io-index"
checksum = "04361975b3f5e348b2189d8dc55bc942f278b2d482a6a0365de5bdd62d351567"
dependencies = [
 "proc-macro2",
 "quote",
 "unicode-ident",
]

[[package]]
name = "thiserror"
version = "1.0.44"
source = "registry+https://github.com/rust-lang/crates.io-index"
checksum = "611040a08a0439f8248d1990b111c95baa9c704c805fa1f62104b39655fd7f90"
dependencies = [
 "thiserror-impl",
]

[[package]]
name = "thiserror-impl"
version = "1.0.44"
source = "registry+https://github.com/rust-lang/crates.io-index"
checksum = "090198534930841fab3a5d1bb637cde49e339654e606195f8d9c76eeb081dc96"
dependencies = [
 "proc-macro2",
 "quote",
 "syn 2.0.28",
]

[[package]]
name = "unicase"
version = "2.6.0"
source = "registry+https://github.com/rust-lang/crates.io-index"
checksum = "50f37be617794602aabbeee0be4f259dc1778fabe05e2d67ee8f79326d5cb4f6"
dependencies = [
 "version_check",
]

[[package]]
name = "unicode-ident"
version = "1.0.11"
source = "registry+https://github.com/rust-lang/crates.io-index"
checksum = "301abaae475aa91687eb82514b328ab47a211a533026cb25fc3e519b86adfc3c"

[[package]]
name = "version_check"
version = "0.9.4"
source = "registry+https://github.com/rust-lang/crates.io-index"
checksum = "49874b5167b65d7193b8aba1567f5c7d93d001cafc34600cee003eda787e483f"
